
Microsoft Visual Studio Solution File, Format Version 12.00
# Visual Studio Version 17
VisualStudioVersion = 17.3.32819.101
MinimumVisualStudioVersion = 10.0.40219.1
Project("{8BC9CEB8-8B4A-11D0-8D11-00A0C91BC942}") = "oop asignment 1", "oop asignment 1.vcxproj", "{0914B587-53CF-4AD3-82FB-F2A04508B464}"
EndProject
Global
	GlobalSection(SolutionConfigurationPlatforms) = preSolution
		Debug|x64 = Debug|x64
		Debug|x86 = Debug|x86
		Release|x64 = Release|x64
		Release|x86 = Release|x86
	EndGlobalSection
	GlobalSection(ProjectConfigurationPlatforms) = postSolution
		{0914B587-53CF-4AD3-82FB-F2A04508B464}.Debug|x64.ActiveCfg = Debug|x64
		{0914B587-53CF-4AD3-82FB-F2A04508B464}.Debug|x64.Build.0 = Debug|x64
		{0914B587-53CF-4AD3-82FB-F2A04508B464}.Debug|x86.ActiveCfg = Debug|Win32
		{0914B587-53CF-4AD3-82FB-F2A04508B464}.Debug|x86.Build.0 = Debug|Win32
		{0914B587-53CF-4AD3-82FB-F2A04508B464}.Release|x64.ActiveCfg = Release|x64
		{0914B587-53CF-4AD3-82FB-F2A04508B464}.Release|x64.Build.0 = Release|x64
		{0914B587-53CF-4AD3-82FB-F2A04508B464}.Release|x86.ActiveCfg = Release|Win32
		{0914B587-53CF-4AD3-82FB-F2A04508B464}.Release|x86.Build.0 = Release|Win32
	EndGlobalSection
	GlobalSection(SolutionProperties) = preSolution
		HideSolutionNode = FALSE
	EndGlobalSection
	GlobalSection(ExtensibilityGlobals) = postSolution
		SolutionGuid = {DDF335B9-8A38-42D6-8945-2DB83ED048F3}
	EndGlobalSection
EndGlobal
