
Microsoft Visual Studio Solution File, Format Version 12.00
# Visual Studio Version 17
VisualStudioVersion = 17.3.32819.101
MinimumVisualStudioVersion = 10.0.40219.1
Project("{8BC9CEB8-8B4A-11D0-8D11-00A0C91BC942}") = "homework1_22l7987", "homework1_22l7987.vcxproj", "{0FC0E163-5FBA-4011-BC92-6CF58D8343D3}"
EndProject
Global
	GlobalSection(SolutionConfigurationPlatforms) = preSolution
		Debug|x64 = Debug|x64
		Debug|x86 = Debug|x86
		Release|x64 = Release|x64
		Release|x86 = Release|x86
	EndGlobalSection
	GlobalSection(ProjectConfigurationPlatforms) = postSolution
		{0FC0E163-5FBA-4011-BC92-6CF58D8343D3}.Debug|x64.ActiveCfg = Debug|x64
		{0FC0E163-5FBA-4011-BC92-6CF58D8343D3}.Debug|x64.Build.0 = Debug|x64
		{0FC0E163-5FBA-4011-BC92-6CF58D8343D3}.Debug|x86.ActiveCfg = Debug|Win32
		{0FC0E163-5FBA-4011-BC92-6CF58D8343D3}.Debug|x86.Build.0 = Debug|Win32
		{0FC0E163-5FBA-4011-BC92-6CF58D8343D3}.Release|x64.ActiveCfg = Release|x64
		{0FC0E163-5FBA-4011-BC92-6CF58D8343D3}.Release|x64.Build.0 = Release|x64
		{0FC0E163-5FBA-4011-BC92-6CF58D8343D3}.Release|x86.ActiveCfg = Release|Win32
		{0FC0E163-5FBA-4011-BC92-6CF58D8343D3}.Release|x86.Build.0 = Release|Win32
	EndGlobalSection
	GlobalSection(SolutionProperties) = preSolution
		HideSolutionNode = FALSE
	EndGlobalSection
	GlobalSection(ExtensibilityGlobals) = postSolution
		SolutionGuid = {4033578D-E1A4-4C94-8C7A-878E365CFFEE}
	EndGlobalSection
EndGlobal
